
Microsoft Visual Studio Solution File, Format Version 12.00
# Visual Studio Version 16
VisualStudioVersion = 16.0.30309.148
MinimumVisualStudioVersion = 10.0.40219.1
Project("{FAE04EC0-301F-11D3-BF4B-00C04F79EFBC}") = "Mary Wanna.Android", "Mary Wanna\Mary Wanna.Android\Mary Wanna.Android.csproj", "{C03D72D0-143A-41F1-A855-ED53D0A41FD4}"
EndProject
Project("{FAE04EC0-301F-11D3-BF4B-00C04F79EFBC}") = "Mary Wanna.iOS", "Mary Wanna\Mary Wanna.iOS\Mary Wanna.iOS.csproj", "{460A7B96-CE9B-4C10-907A-E97DD2702432}"
EndProject
Project("{FAE04EC0-301F-11D3-BF4B-00C04F79EFBC}") = "Mary Wanna", "Mary Wanna\Mary Wanna\Mary Wanna.csproj", "{3BA59F21-00EA-44F6-93FC-143FF758281A}"
EndProject
Global
	GlobalSection(SolutionConfigurationPlatforms) = preSolution
		Debug|Any CPU = Debug|Any CPU
		Debug|iPhone = Debug|iPhone
		Debug|iPhoneSimulator = Debug|iPhoneSimulator
		Release|Any CPU = Release|Any CPU
		Release|iPhone = Release|iPhone
		Release|iPhoneSimulator = Release|iPhoneSimulator
	EndGlobalSection
	GlobalSection(ProjectConfigurationPlatforms) = postSolution
		{C03D72D0-143A-41F1-A855-ED53D0A41FD4}.Debug|Any CPU.ActiveCfg = Debug|Any CPU
		{C03D72D0-143A-41F1-A855-ED53D0A41FD4}.Debug|Any CPU.Build.0 = Debug|Any CPU
		{C03D72D0-143A-41F1-A855-ED53D0A41FD4}.Debug|Any CPU.Deploy.0 = Debug|Any CPU
		{C03D72D0-143A-41F1-A855-ED53D0A41FD4}.Debug|iPhone.ActiveCfg = Debug|Any CPU
		{C03D72D0-143A-41F1-A855-ED53D0A41FD4}.Debug|iPhone.Build.0 = Debug|Any CPU
		{C03D72D0-143A-41F1-A855-ED53D0A41FD4}.Debug|iPhone.Deploy.0 = Debug|Any CPU
		{C03D72D0-143A-41F1-A855-ED53D0A41FD4}.Debug|iPhoneSimulator.ActiveCfg = Debug|Any CPU
		{C03D72D0-143A-41F1-A855-ED53D0A41FD4}.Debug|iPhoneSimulator.Build.0 = Debug|Any CPU
		{C03D72D0-143A-41F1-A855-ED53D0A41FD4}.Debug|iPhoneSimulator.Deploy.0 = Debug|Any CPU
		{C03D72D0-143A-41F1-A855-ED53D0A41FD4}.Release|Any CPU.ActiveCfg = Release|Any CPU
		{C03D72D0-143A-41F1-A855-ED53D0A41FD4}.Release|Any CPU.Build.0 = Release|Any CPU
		{C03D72D0-143A-41F1-A855-ED53D0A41FD4}.Release|Any CPU.Deploy.0 = Release|Any CPU
		{C03D72D0-143A-41F1-A855-ED53D0A41FD4}.Release|iPhone.ActiveCfg = Release|Any CPU
		{C03D72D0-143A-41F1-A855-ED53D0A41FD4}.Release|iPhone.Build.0 = Release|Any CPU
		{C03D72D0-143A-41F1-A855-ED53D0A41FD4}.Release|iPhone.Deploy.0 = Release|Any CPU
		{C03D72D0-143A-41F1-A855-ED53D0A41FD4}.Release|iPhoneSimulator.ActiveCfg = Release|Any CPU
		{C03D72D0-143A-41F1-A855-ED53D0A41FD4}.Release|iPhoneSimulator.Build.0 = Release|Any CPU
		{C03D72D0-143A-41F1-A855-ED53D0A41FD4}.Release|iPhoneSimulator.Deploy.0 = Release|Any CPU
		{460A7B96-CE9B-4C10-907A-E97DD2702432}.Debug|Any CPU.ActiveCfg = Debug|iPhone
		{460A7B96-CE9B-4C10-907A-E97DD2702432}.Debug|Any CPU.Build.0 = Debug|iPhone
		{460A7B96-CE9B-4C10-907A-E97DD2702432}.Debug|Any CPU.Deploy.0 = Debug|iPhone
		{460A7B96-CE9B-4C10-907A-E97DD2702432}.Debug|iPhone.ActiveCfg = Debug|iPhone
		{460A7B96-CE9B-4C10-907A-E97DD2702432}.Debug|iPhone.Build.0 = Debug|iPhone
		{460A7B96-CE9B-4C10-907A-E97DD2702432}.Debug|iPhone.Deploy.0 = Debug|iPhone
		{460A7B96-CE9B-4C10-907A-E97DD2702432}.Debug|iPhoneSimulator.ActiveCfg = Debug|iPhoneSimulator
		{460A7B96-CE9B-4C10-907A-E97DD2702432}.Debug|iPhoneSimulator.Build.0 = Debug|iPhoneSimulator
		{460A7B96-CE9B-4C10-907A-E97DD2702432}.Debug|iPhoneSimulator.Deploy.0 = Debug|iPhoneSimulator
		{460A7B96-CE9B-4C10-907A-E97DD2702432}.Release|Any CPU.ActiveCfg = Release|iPhone
		{460A7B96-CE9B-4C10-907A-E97DD2702432}.Release|Any CPU.Build.0 = Release|iPhone
		{460A7B96-CE9B-4C10-907A-E97DD2702432}.Release|Any CPU.Deploy.0 = Release|iPhone
		{460A7B96-CE9B-4C10-907A-E97DD2702432}.Release|iPhone.ActiveCfg = Release|iPhone
		{460A7B96-CE9B-4C10-907A-E97DD2702432}.Release|iPhone.Build.0 = Release|iPhone
		{460A7B96-CE9B-4C10-907A-E97DD2702432}.Release|iPhone.Deploy.0 = Release|iPhone
		{460A7B96-CE9B-4C10-907A-E97DD2702432}.Release|iPhoneSimulator.ActiveCfg = Release|iPhoneSimulator
		{460A7B96-CE9B-4C10-907A-E97DD2702432}.Release|iPhoneSimulator.Build.0 = Release|iPhoneSimulator
		{460A7B96-CE9B-4C10-907A-E97DD2702432}.Release|iPhoneSimulator.Deploy.0 = Release|iPhoneSimulator
		{3BA59F21-00EA-44F6-93FC-143FF758281A}.Debug|Any CPU.ActiveCfg = Debug|Any CPU
		{3BA59F21-00EA-44F6-93FC-143FF758281A}.Debug|Any CPU.Build.0 = Debug|Any CPU
		{3BA59F21-00EA-44F6-93FC-143FF758281A}.Debug|Any CPU.Deploy.0 = Debug|Any CPU
		{3BA59F21-00EA-44F6-93FC-143FF758281A}.Debug|iPhone.ActiveCfg = Debug|Any CPU
		{3BA59F21-00EA-44F6-93FC-143FF758281A}.Debug|iPhone.Build.0 = Debug|Any CPU
		{3BA59F21-00EA-44F6-93FC-143FF758281A}.Debug|iPhone.Deploy.0 = Debug|Any CPU
		{3BA59F21-00EA-44F6-93FC-143FF758281A}.Debug|iPhoneSimulator.ActiveCfg = Debug|Any CPU
		{3BA59F21-00EA-44F6-93FC-143FF758281A}.Debug|iPhoneSimulator.Build.0 = Debug|Any CPU
		{3BA59F21-00EA-44F6-93FC-143FF758281A}.Debug|iPhoneSimulator.Deploy.0 = Debug|Any CPU
		{3BA59F21-00EA-44F6-93FC-143FF758281A}.Release|Any CPU.ActiveCfg = Release|Any CPU
		{3BA59F21-00EA-44F6-93FC-143FF758281A}.Release|Any CPU.Build.0 = Release|Any CPU
		{3BA59F21-00EA-44F6-93FC-143FF758281A}.Release|Any CPU.Deploy.0 = Release|Any CPU
		{3BA59F21-00EA-44F6-93FC-143FF758281A}.Release|iPhone.ActiveCfg = Release|Any CPU
		{3BA59F21-00EA-44F6-93FC-143FF758281A}.Release|iPhone.Build.0 = Release|Any CPU
		{3BA59F21-00EA-44F6-93FC-143FF758281A}.Release|iPhone.Deploy.0 = Release|Any CPU
		{3BA59F21-00EA-44F6-93FC-143FF758281A}.Release|iPhoneSimulator.ActiveCfg = Release|Any CPU
		{3BA59F21-00EA-44F6-93FC-143FF758281A}.Release|iPhoneSimulator.Build.0 = Release|Any CPU
		{3BA59F21-00EA-44F6-93FC-143FF758281A}.Release|iPhoneSimulator.Deploy.0 = Release|Any CPU
	EndGlobalSection
	GlobalSection(SolutionProperties) = preSolution
		HideSolutionNode = FALSE
	EndGlobalSection
	GlobalSection(ExtensibilityGlobals) = postSolution
		SolutionGuid = {59E3A52A-B943-4D92-9BBE-DCE3808D64FC}
	EndGlobalSection
EndGlobal
